// !$*UTF8*$!
{
	archiveVersion = 1;
	classes = {
	};
	objectVersion = 46;
	objects = {

/* Begin PBXBuildFile section */
		01D979B0C42FA2D1D6576D99 /* AVKit.framework in Frameworks */ = {isa = PBXBuildFile; fileRef = 651CDB2304726BA72701D65B /* AVKit.framework */; };
		03CCFA6FF460E7C41904C9B3 /* include_juce_data_structures.mm in Sources */ = {isa = PBXBuildFile; fileRef = E4646D14AD408D5F1409CA91 /* include_juce_data_structures.mm */; };
		1084B35B2E5653F3C6F51EE6 /* CoreAudio.framework in Frameworks */ = {isa = PBXBuildFile; fileRef = E655D48B45C1F2A3C1B0727F /* CoreAudio.framework */; };
		10D81B508DC875E0EFFEEC3E /* CoreMedia.framework in Frameworks */ = {isa = PBXBuildFile; fileRef = C6E8B20EBE3710CA6073539E /* CoreMedia.framework */; };
		1D8DA5866C7FDE77B8A2591E /* AudioToolbox.framework in Frameworks */ = {isa = PBXBuildFile; fileRef = EEF1CB4CFDD43BAD172757AE /* AudioToolbox.framework */; };
		20266BEEF92D3E7D04868146 /* include_juce_audio_processors.mm in Sources */ = {isa = PBXBuildFile; fileRef = DBCAEF470B72E9F3E2B51B9A /* include_juce_audio_processors.mm */; };
		26C3661B67001F16D9585C61 /* include_juce_gui_basics.mm in Sources */ = {isa = PBXBuildFile; fileRef = 2CC34271D60D8213756A2343 /* include_juce_gui_basics.mm */; };
		4961A2E6C8710203463103F0 /* WebKit.framework in Frameworks */ = {isa = PBXBuildFile; fileRef = 2E1F2857122B6CEA27658369 /* WebKit.framework */; };
		502C356FF64D126C2186D934 /* Cocoa.framework in Frameworks */ = {isa = PBXBuildFile; fileRef = CA63523A6EB18461FEB9A138 /* Cocoa.framework */; };
		58208722D4975EE215ACD216 /* Main.cpp in Sources */ = {isa = PBXBuildFile; fileRef = 597E7557C9B8EE8F95EF991D /* Main.cpp */; };
		5E47A923B7E7D56BE83C0A74 /* include_juce_events.mm in Sources */ = {isa = PBXBuildFile; fileRef = F232029709F82E1C835FAE5F /* include_juce_events.mm */; };
		5F263EA22E8CBA646CD0740A /* IOKit.framework in Frameworks */ = {isa = PBXBuildFile; fileRef = 7283A7CDA32C018453F53B7D /* IOKit.framework */; };
		60E9757BA1F5B3CB4B896A79 /* include_juce_video.mm in Sources */ = {isa = PBXBuildFile; fileRef = A69B8A38F034FF887E9171F2 /* include_juce_video.mm */; };
		700B1CED2459AB2E00889AC2 /* ControllerBase.cpp in Sources */ = {isa = PBXBuildFile; fileRef = 700B1CDE2459AB2E00889AC2 /* ControllerBase.cpp */; };
		700B1CEE2459AB2E00889AC2 /* Pad.cpp in Sources */ = {isa = PBXBuildFile; fileRef = 700B1CE32459AB2E00889AC2 /* Pad.cpp */; };
		700B1CEF2459AB2E00889AC2 /* PadGrid.cpp in Sources */ = {isa = PBXBuildFile; fileRef = 700B1CE52459AB2E00889AC2 /* PadGrid.cpp */; };
		700B1CF02459AB2E00889AC2 /* GridModelMap.cpp in Sources */ = {isa = PBXBuildFile; fileRef = 700B1CE82459AB2E00889AC2 /* GridModelMap.cpp */; };
		700B1CF12459AB2E00889AC2 /* IODevice.cpp in Sources */ = {isa = PBXBuildFile; fileRef = 700B1CEA2459AB2E00889AC2 /* IODevice.cpp */; };
		700B1CF52459AEB600889AC2 /* OGDevice.cpp in Sources */ = {isa = PBXBuildFile; fileRef = 700B1CF32459AEB600889AC2 /* OGDevice.cpp */; };
		7060A99E2459BFA1009138BD /* OGDeviceLaunchpad.cpp in Sources */ = {isa = PBXBuildFile; fileRef = 7060A99C2459BFA1009138BD /* OGDeviceLaunchpad.cpp */; };
		70A1F23E2459F8C1001469A0 /* OGDeviceManager.cpp in Sources */ = {isa = PBXBuildFile; fileRef = 70A1F23C2459F8C1001469A0 /* OGDeviceManager.cpp */; };
		70A1F241245A1528001469A0 /* OGSession.cpp in Sources */ = {isa = PBXBuildFile; fileRef = 70A1F23F245A1528001469A0 /* OGSession.cpp */; };
		70A1F245245A1663001469A0 /* Clock.cpp in Sources */ = {isa = PBXBuildFile; fileRef = 70A1F243245A1663001469A0 /* Clock.cpp */; };
		70A1F248245A1674001469A0 /* MasterClock.cpp in Sources */ = {isa = PBXBuildFile; fileRef = 70A1F246245A1674001469A0 /* MasterClock.cpp */; };
		7AC87965F1D7B0EC9B9BC30A /* include_juce_opengl.mm in Sources */ = {isa = PBXBuildFile; fileRef = 49F70C57F48BD5ACE29A2ACE /* include_juce_opengl.mm */; };
		87CF6CE9BA26D51511407915 /* include_juce_audio_devices.mm in Sources */ = {isa = PBXBuildFile; fileRef = 19F635F26F3BE841406C87A8 /* include_juce_audio_devices.mm */; };
		90F7B53A89A95A65F64787EC /* MainComponent.cpp in Sources */ = {isa = PBXBuildFile; fileRef = F138A71AB6E339F3FDBF7D92 /* MainComponent.cpp */; };
		926790115C55488C360B0EB3 /* include_juce_gui_extra.mm in Sources */ = {isa = PBXBuildFile; fileRef = 85CD1283B38D1B79082C7E5C /* include_juce_gui_extra.mm */; };
		977A3C46A9B6428963FDF54C /* include_juce_audio_basics.mm in Sources */ = {isa = PBXBuildFile; fileRef = 99AE087C4101267FB4B747C7 /* include_juce_audio_basics.mm */; };
		97E572BE41BDC166382C55B7 /* OpenGL.framework in Frameworks */ = {isa = PBXBuildFile; fileRef = 524D887E02CCF616F9C538A9 /* OpenGL.framework */; };
		A1D07535D3BF409DDF312062 /* include_juce_graphics.mm in Sources */ = {isa = PBXBuildFile; fileRef = 4320668E792BD5B9449A9053 /* include_juce_graphics.mm */; };
		A53C840DECB1826AA6BBAA47 /* include_juce_core.mm in Sources */ = {isa = PBXBuildFile; fileRef = ADBC7E098E854F715A78F82A /* include_juce_core.mm */; };
		AE61A75BAC8DBFE4079288DB /* RecentFilesMenuTemplate.nib in Resources */ = {isa = PBXBuildFile; fileRef = D6428B5CABB4EF49C2E28CF7 /* RecentFilesMenuTemplate.nib */; };
		B7DFFB8FD64D9E180BB31AAC /* QuartzCore.framework in Frameworks */ = {isa = PBXBuildFile; fileRef = BE1D5527B1739C0371F2F3BC /* QuartzCore.framework */; };
		BF16ED54FC1EE74E4DDAF431 /* AVFoundation.framework in Frameworks */ = {isa = PBXBuildFile; fileRef = 31A25F50719441C9E6B8AF9A /* AVFoundation.framework */; };
		C0CC08FDDE3C838E169328DD /* include_juce_audio_formats.mm in Sources */ = {isa = PBXBuildFile; fileRef = 6634BC50C7F3178FB892957B /* include_juce_audio_formats.mm */; };
		E2CBD915626D9F47B5CFF3C0 /* Carbon.framework in Frameworks */ = {isa = PBXBuildFile; fileRef = 880437DC89A9599229DBD3B4 /* Carbon.framework */; };
		E724FE0BCDD8724FDDD13846 /* CoreMIDI.framework in Frameworks */ = {isa = PBXBuildFile; fileRef = 7102A8B5A74A0D00D2B88AEF /* CoreMIDI.framework */; };
		FECE831E62CF545CB51410C7 /* Accelerate.framework in Frameworks */ = {isa = PBXBuildFile; fileRef = D92AF2E6F2B6CB801798A1F8 /* Accelerate.framework */; };
		FF695B18F06BD81DDFEBF328 /* include_juce_cryptography.mm in Sources */ = {isa = PBXBuildFile; fileRef = BA2A4BD0A5B4C4B257C4B63B /* include_juce_cryptography.mm */; };
/* End PBXBuildFile section */

/* Begin PBXFileReference section */
		010FE685B5325EDC5B99E743 /* OpenGrid.app */ = {isa = PBXFileReference; explicitFileType = wrapper.application; includeInIndex = 0; path = OpenGrid.app; sourceTree = BUILT_PRODUCTS_DIR; };
		1532FF1C8AB7F5C863D81510 /* juce_data_structures */ = {isa = PBXFileReference; lastKnownFileType = folder; name = juce_data_structures; path = "/Users/samuelhunt/juce/juce 5/modules/juce_data_structures"; sourceTree = "<absolute>"; };
		19F635F26F3BE841406C87A8 /* include_juce_audio_devices.mm */ = {isa = PBXFileReference; lastKnownFileType = sourcecode.cpp.objcpp; name = include_juce_audio_devices.mm; path = ../../JuceLibraryCode/include_juce_audio_devices.mm; sourceTree = SOURCE_ROOT; };
		243E2EEE7BE334A93C2EEA07 /* AppConfig.h */ = {isa = PBXFileReference; lastKnownFileType = sourcecode.c.h; name = AppConfig.h; path = ../../JuceLibraryCode/AppConfig.h; sourceTree = SOURCE_ROOT; };
		290250CFDA0047383FC80B1A /* juce_audio_formats */ = {isa = PBXFileReference; lastKnownFileType = folder; name = juce_audio_formats; path = "/Users/samuelhunt/juce/juce 5/modules/juce_audio_formats"; sourceTree = "<absolute>"; };
		2CC34271D60D8213756A2343 /* include_juce_gui_basics.mm */ = {isa = PBXFileReference; lastKnownFileType = sourcecode.cpp.objcpp; name = include_juce_gui_basics.mm; path = ../../JuceLibraryCode/include_juce_gui_basics.mm; sourceTree = SOURCE_ROOT; };
		2D0CCDCF0ACB7580272187D3 /* JuceHeader.h */ = {isa = PBXFileReference; lastKnownFileType = sourcecode.c.h; name = JuceHeader.h; path = ../../JuceLibraryCode/JuceHeader.h; sourceTree = SOURCE_ROOT; };
		2E1F2857122B6CEA27658369 /* WebKit.framework */ = {isa = PBXFileReference; lastKnownFileType = wrapper.framework; name = WebKit.framework; path = System/Library/Frameworks/WebKit.framework; sourceTree = SDKROOT; };
		31A25F50719441C9E6B8AF9A /* AVFoundation.framework */ = {isa = PBXFileReference; lastKnownFileType = wrapper.framework; name = AVFoundation.framework; path = System/Library/Frameworks/AVFoundation.framework; sourceTree = SDKROOT; };
		4320668E792BD5B9449A9053 /* include_juce_graphics.mm */ = {isa = PBXFileReference; lastKnownFileType = sourcecode.cpp.objcpp; name = include_juce_graphics.mm; path = ../../JuceLibraryCode/include_juce_graphics.mm; sourceTree = SOURCE_ROOT; };
		4835256E97384A88BAB3E89C /* juce_gui_extra */ = {isa = PBXFileReference; lastKnownFileType = folder; name = juce_gui_extra; path = "/Users/samuelhunt/juce/juce 5/modules/juce_gui_extra"; sourceTree = "<absolute>"; };
		49F70C57F48BD5ACE29A2ACE /* include_juce_opengl.mm */ = {isa = PBXFileReference; lastKnownFileType = sourcecode.cpp.objcpp; name = include_juce_opengl.mm; path = ../../JuceLibraryCode/include_juce_opengl.mm; sourceTree = SOURCE_ROOT; };
		524D887E02CCF616F9C538A9 /* OpenGL.framework */ = {isa = PBXFileReference; lastKnownFileType = wrapper.framework; name = OpenGL.framework; path = System/Library/Frameworks/OpenGL.framework; sourceTree = SDKROOT; };
		597E7557C9B8EE8F95EF991D /* Main.cpp */ = {isa = PBXFileReference; lastKnownFileType = sourcecode.cpp.cpp; name = Main.cpp; path = ../../Source/Main.cpp; sourceTree = SOURCE_ROOT; };
		651CDB2304726BA72701D65B /* AVKit.framework */ = {isa = PBXFileReference; lastKnownFileType = wrapper.framework; name = AVKit.framework; path = System/Library/Frameworks/AVKit.framework; sourceTree = SDKROOT; };
		6634BC50C7F3178FB892957B /* include_juce_audio_formats.mm */ = {isa = PBXFileReference; lastKnownFileType = sourcecode.cpp.objcpp; name = include_juce_audio_formats.mm; path = ../../JuceLibraryCode/include_juce_audio_formats.mm; sourceTree = SOURCE_ROOT; };
		700B1CDE2459AB2E00889AC2 /* ControllerBase.cpp */ = {isa = PBXFileReference; fileEncoding = 4; lastKnownFileType = sourcecode.cpp.cpp; path = ControllerBase.cpp; sourceTree = "<group>"; };
		700B1CDF2459AB2E00889AC2 /* ControllerBase.h */ = {isa = PBXFileReference; fileEncoding = 4; lastKnownFileType = sourcecode.c.h; path = ControllerBase.h; sourceTree = "<group>"; };
		700B1CE12459AB2E00889AC2 /* Scales.h */ = {isa = PBXFileReference; fileEncoding = 4; lastKnownFileType = sourcecode.c.h; path = Scales.h; sourceTree = "<group>"; };
		700B1CE32459AB2E00889AC2 /* Pad.cpp */ = {isa = PBXFileReference; fileEncoding = 4; lastKnownFileType = sourcecode.cpp.cpp; path = Pad.cpp; sourceTree = "<group>"; };
		700B1CE42459AB2E00889AC2 /* Pad.h */ = {isa = PBXFileReference; fileEncoding = 4; lastKnownFileType = sourcecode.c.h; path = Pad.h; sourceTree = "<group>"; };
		700B1CE52459AB2E00889AC2 /* PadGrid.cpp */ = {isa = PBXFileReference; fileEncoding = 4; lastKnownFileType = sourcecode.cpp.cpp; path = PadGrid.cpp; sourceTree = "<group>"; };
		700B1CE62459AB2E00889AC2 /* PadGrid.h */ = {isa = PBXFileReference; fileEncoding = 4; lastKnownFileType = sourcecode.c.h; path = PadGrid.h; sourceTree = "<group>"; };
		700B1CE82459AB2E00889AC2 /* GridModelMap.cpp */ = {isa = PBXFileReference; fileEncoding = 4; lastKnownFileType = sourcecode.cpp.cpp; path = GridModelMap.cpp; sourceTree = "<group>"; };
		700B1CE92459AB2E00889AC2 /* GridModelMap.h */ = {isa = PBXFileReference; fileEncoding = 4; lastKnownFileType = sourcecode.c.h; path = GridModelMap.h; sourceTree = "<group>"; };
		700B1CEA2459AB2E00889AC2 /* IODevice.cpp */ = {isa = PBXFileReference; fileEncoding = 4; lastKnownFileType = sourcecode.cpp.cpp; path = IODevice.cpp; sourceTree = "<group>"; };
		700B1CEB2459AB2E00889AC2 /* IODevice.h */ = {isa = PBXFileReference; fileEncoding = 4; lastKnownFileType = sourcecode.c.h; path = IODevice.h; sourceTree = "<group>"; };
		700B1CEC2459AB2E00889AC2 /* plan.h */ = {isa = PBXFileReference; fileEncoding = 4; lastKnownFileType = sourcecode.c.h; name = plan.h; path = ../../Source/plan.h; sourceTree = "<group>"; };
		700B1CF32459AEB600889AC2 /* OGDevice.cpp */ = {isa = PBXFileReference; fileEncoding = 4; lastKnownFileType = sourcecode.cpp.cpp; path = OGDevice.cpp; sourceTree = "<group>"; };
		700B1CF42459AEB600889AC2 /* OGDevice.hpp */ = {isa = PBXFileReference; fileEncoding = 4; lastKnownFileType = sourcecode.cpp.h; path = OGDevice.hpp; sourceTree = "<group>"; };
		7060A99C2459BFA1009138BD /* OGDeviceLaunchpad.cpp */ = {isa = PBXFileReference; fileEncoding = 4; lastKnownFileType = sourcecode.cpp.cpp; path = OGDeviceLaunchpad.cpp; sourceTree = "<group>"; };
		7060A99D2459BFA1009138BD /* OGDeviceLaunchpad.hpp */ = {isa = PBXFileReference; fileEncoding = 4; lastKnownFileType = sourcecode.cpp.h; path = OGDeviceLaunchpad.hpp; sourceTree = "<group>"; };
		70A1F23C2459F8C1001469A0 /* OGDeviceManager.cpp */ = {isa = PBXFileReference; fileEncoding = 4; lastKnownFileType = sourcecode.cpp.cpp; path = OGDeviceManager.cpp; sourceTree = "<group>"; };
		70A1F23D2459F8C1001469A0 /* OGDeviceManager.hpp */ = {isa = PBXFileReference; fileEncoding = 4; lastKnownFileType = sourcecode.cpp.h; path = OGDeviceManager.hpp; sourceTree = "<group>"; };
		70A1F23F245A1528001469A0 /* OGSession.cpp */ = {isa = PBXFileReference; fileEncoding = 4; lastKnownFileType = sourcecode.cpp.cpp; path = OGSession.cpp; sourceTree = "<group>"; };
		70A1F240245A1528001469A0 /* OGSession.hpp */ = {isa = PBXFileReference; fileEncoding = 4; lastKnownFileType = sourcecode.cpp.h; path = OGSession.hpp; sourceTree = "<group>"; };
		70A1F243245A1663001469A0 /* Clock.cpp */ = {isa = PBXFileReference; fileEncoding = 4; lastKnownFileType = sourcecode.cpp.cpp; path = Clock.cpp; sourceTree = "<group>"; };
		70A1F244245A1663001469A0 /* Clock.hpp */ = {isa = PBXFileReference; fileEncoding = 4; lastKnownFileType = sourcecode.cpp.h; path = Clock.hpp; sourceTree = "<group>"; };
		70A1F246245A1674001469A0 /* MasterClock.cpp */ = {isa = PBXFileReference; fileEncoding = 4; lastKnownFileType = sourcecode.cpp.cpp; path = MasterClock.cpp; sourceTree = "<group>"; };
		70A1F247245A1674001469A0 /* MasterClock.hpp */ = {isa = PBXFileReference; fileEncoding = 4; lastKnownFileType = sourcecode.cpp.h; path = MasterClock.hpp; sourceTree = "<group>"; };
		7102A8B5A74A0D00D2B88AEF /* CoreMIDI.framework */ = {isa = PBXFileReference; lastKnownFileType = wrapper.framework; name = CoreMIDI.framework; path = System/Library/Frameworks/CoreMIDI.framework; sourceTree = SDKROOT; };
		7283A7CDA32C018453F53B7D /* IOKit.framework */ = {isa = PBXFileReference; lastKnownFileType = wrapper.framework; name = IOKit.framework; path = System/Library/Frameworks/IOKit.framework; sourceTree = SDKROOT; };
		7B34FAF0EC64CE84B9BF62AD /* MainComponent.h */ = {isa = PBXFileReference; lastKnownFileType = sourcecode.c.h; name = MainComponent.h; path = ../../Source/MainComponent.h; sourceTree = SOURCE_ROOT; };
		7F513007307B3CE7F35D3564 /* juce_graphics */ = {isa = PBXFileReference; lastKnownFileType = folder; name = juce_graphics; path = "/Users/samuelhunt/juce/juce 5/modules/juce_graphics"; sourceTree = "<absolute>"; };
		85CD1283B38D1B79082C7E5C /* include_juce_gui_extra.mm */ = {isa = PBXFileReference; lastKnownFileType = sourcecode.cpp.objcpp; name = include_juce_gui_extra.mm; path = ../../JuceLibraryCode/include_juce_gui_extra.mm; sourceTree = SOURCE_ROOT; };
		880437DC89A9599229DBD3B4 /* Carbon.framework */ = {isa = PBXFileReference; lastKnownFileType = wrapper.framework; name = Carbon.framework; path = System/Library/Frameworks/Carbon.framework; sourceTree = SDKROOT; };
		99AE087C4101267FB4B747C7 /* include_juce_audio_basics.mm */ = {isa = PBXFileReference; lastKnownFileType = sourcecode.cpp.objcpp; name = include_juce_audio_basics.mm; path = ../../JuceLibraryCode/include_juce_audio_basics.mm; sourceTree = SOURCE_ROOT; };
		A69B8A38F034FF887E9171F2 /* include_juce_video.mm */ = {isa = PBXFileReference; lastKnownFileType = sourcecode.cpp.objcpp; name = include_juce_video.mm; path = ../../JuceLibraryCode/include_juce_video.mm; sourceTree = SOURCE_ROOT; };
		AA1A100330509C5041D26C47 /* juce_cryptography */ = {isa = PBXFileReference; lastKnownFileType = folder; name = juce_cryptography; path = "/Users/samuelhunt/juce/juce 5/modules/juce_cryptography"; sourceTree = "<absolute>"; };
		ADBC7E098E854F715A78F82A /* include_juce_core.mm */ = {isa = PBXFileReference; lastKnownFileType = sourcecode.cpp.objcpp; name = include_juce_core.mm; path = ../../JuceLibraryCode/include_juce_core.mm; sourceTree = SOURCE_ROOT; };
		BA2A4BD0A5B4C4B257C4B63B /* include_juce_cryptography.mm */ = {isa = PBXFileReference; lastKnownFileType = sourcecode.cpp.objcpp; name = include_juce_cryptography.mm; path = ../../JuceLibraryCode/include_juce_cryptography.mm; sourceTree = SOURCE_ROOT; };
		BA7E04FEBEED1F67D9688E1C /* juce_gui_basics */ = {isa = PBXFileReference; lastKnownFileType = folder; name = juce_gui_basics; path = "/Users/samuelhunt/juce/juce 5/modules/juce_gui_basics"; sourceTree = "<absolute>"; };
		BE1D5527B1739C0371F2F3BC /* QuartzCore.framework */ = {isa = PBXFileReference; lastKnownFileType = wrapper.framework; name = QuartzCore.framework; path = System/Library/Frameworks/QuartzCore.framework; sourceTree = SDKROOT; };
		C001584771EFFF7E4CEF8827 /* juce_opengl */ = {isa = PBXFileReference; lastKnownFileType = folder; name = juce_opengl; path = "/Users/samuelhunt/juce/juce 5/modules/juce_opengl"; sourceTree = "<absolute>"; };
		C6E8B20EBE3710CA6073539E /* CoreMedia.framework */ = {isa = PBXFileReference; lastKnownFileType = wrapper.framework; name = CoreMedia.framework; path = System/Library/Frameworks/CoreMedia.framework; sourceTree = SDKROOT; };
		CA63523A6EB18461FEB9A138 /* Cocoa.framework */ = {isa = PBXFileReference; lastKnownFileType = wrapper.framework; name = Cocoa.framework; path = System/Library/Frameworks/Cocoa.framework; sourceTree = SDKROOT; };
		CF45C45B5586BF7B7097473C /* juce_core */ = {isa = PBXFileReference; lastKnownFileType = folder; name = juce_core; path = "/Users/samuelhunt/juce/juce 5/modules/juce_core"; sourceTree = "<absolute>"; };
		D6428B5CABB4EF49C2E28CF7 /* RecentFilesMenuTemplate.nib */ = {isa = PBXFileReference; lastKnownFileType = file.nib; path = RecentFilesMenuTemplate.nib; sourceTree = SOURCE_ROOT; };
		D92AF2E6F2B6CB801798A1F8 /* Accelerate.framework */ = {isa = PBXFileReference; lastKnownFileType = wrapper.framework; name = Accelerate.framework; path = System/Library/Frameworks/Accelerate.framework; sourceTree = SDKROOT; };
		DBCAEF470B72E9F3E2B51B9A /* include_juce_audio_processors.mm */ = {isa = PBXFileReference; lastKnownFileType = sourcecode.cpp.objcpp; name = include_juce_audio_processors.mm; path = ../../JuceLibraryCode/include_juce_audio_processors.mm; sourceTree = SOURCE_ROOT; };
		DC397E099A355845F1037D6D /* juce_audio_basics */ = {isa = PBXFileReference; lastKnownFileType = folder; name = juce_audio_basics; path = "/Users/samuelhunt/juce/juce 5/modules/juce_audio_basics"; sourceTree = "<absolute>"; };
		E2596EE4FC9C693C700D5B60 /* juce_video */ = {isa = PBXFileReference; lastKnownFileType = folder; name = juce_video; path = "/Users/samuelhunt/juce/juce 5/modules/juce_video"; sourceTree = "<absolute>"; };
		E4646D14AD408D5F1409CA91 /* include_juce_data_structures.mm */ = {isa = PBXFileReference; lastKnownFileType = sourcecode.cpp.objcpp; name = include_juce_data_structures.mm; path = ../../JuceLibraryCode/include_juce_data_structures.mm; sourceTree = SOURCE_ROOT; };
		E655D48B45C1F2A3C1B0727F /* CoreAudio.framework */ = {isa = PBXFileReference; lastKnownFileType = wrapper.framework; name = CoreAudio.framework; path = System/Library/Frameworks/CoreAudio.framework; sourceTree = SDKROOT; };
		EBCD77EE78B76D66D1C13E9C /* juce_audio_devices */ = {isa = PBXFileReference; lastKnownFileType = folder; name = juce_audio_devices; path = "/Users/samuelhunt/juce/juce 5/modules/juce_audio_devices"; sourceTree = "<absolute>"; };
		EEF1CB4CFDD43BAD172757AE /* AudioToolbox.framework */ = {isa = PBXFileReference; lastKnownFileType = wrapper.framework; name = AudioToolbox.framework; path = System/Library/Frameworks/AudioToolbox.framework; sourceTree = SDKROOT; };
		F138A71AB6E339F3FDBF7D92 /* MainComponent.cpp */ = {isa = PBXFileReference; lastKnownFileType = sourcecode.cpp.cpp; name = MainComponent.cpp; path = ../../Source/MainComponent.cpp; sourceTree = SOURCE_ROOT; };
		F232029709F82E1C835FAE5F /* include_juce_events.mm */ = {isa = PBXFileReference; lastKnownFileType = sourcecode.cpp.objcpp; name = include_juce_events.mm; path = ../../JuceLibraryCode/include_juce_events.mm; sourceTree = SOURCE_ROOT; };
		F2D21D0D0E13ACA900DDD830 /* Info-App.plist */ = {isa = PBXFileReference; lastKnownFileType = text.plist.xml; path = "Info-App.plist"; sourceTree = SOURCE_ROOT; };
		F71C41D68D0F57598363F7D0 /* juce_audio_processors */ = {isa = PBXFileReference; lastKnownFileType = folder; name = juce_audio_processors; path = "/Users/samuelhunt/juce/juce 5/modules/juce_audio_processors"; sourceTree = "<absolute>"; };
		FA8E05758D49A96EF6C312A0 /* juce_events */ = {isa = PBXFileReference; lastKnownFileType = folder; name = juce_events; path = "/Users/samuelhunt/juce/juce 5/modules/juce_events"; sourceTree = "<absolute>"; };
/* End PBXFileReference section */

/* Begin PBXFrameworksBuildPhase section */
		C0C279E557267A44840AC9D6 /* Frameworks */ = {
			isa = PBXFrameworksBuildPhase;
			buildActionMask = 2147483647;
			files = (
				FECE831E62CF545CB51410C7 /* Accelerate.framework in Frameworks */,
				1D8DA5866C7FDE77B8A2591E /* AudioToolbox.framework in Frameworks */,
				BF16ED54FC1EE74E4DDAF431 /* AVFoundation.framework in Frameworks */,
				01D979B0C42FA2D1D6576D99 /* AVKit.framework in Frameworks */,
				E2CBD915626D9F47B5CFF3C0 /* Carbon.framework in Frameworks */,
				502C356FF64D126C2186D934 /* Cocoa.framework in Frameworks */,
				1084B35B2E5653F3C6F51EE6 /* CoreAudio.framework in Frameworks */,
				10D81B508DC875E0EFFEEC3E /* CoreMedia.framework in Frameworks */,
				E724FE0BCDD8724FDDD13846 /* CoreMIDI.framework in Frameworks */,
				5F263EA22E8CBA646CD0740A /* IOKit.framework in Frameworks */,
				97E572BE41BDC166382C55B7 /* OpenGL.framework in Frameworks */,
				B7DFFB8FD64D9E180BB31AAC /* QuartzCore.framework in Frameworks */,
				4961A2E6C8710203463103F0 /* WebKit.framework in Frameworks */,
			);
			runOnlyForDeploymentPostprocessing = 0;
		};
/* End PBXFrameworksBuildPhase section */

/* Begin PBXGroup section */
		25CE95A574E335CB68DBE9E4 /* Source */ = {
			isa = PBXGroup;
			children = (
				70A1F242245A1658001469A0 /* Timing */,
				700B1CF22459AE9B00889AC2 /* Devices */,
				700B1CDD2459AB2E00889AC2 /* Controllers */,
				700B1CE02459AB2E00889AC2 /* Data */,
				700B1CE22459AB2E00889AC2 /* GUI */,
				700B1CE72459AB2E00889AC2 /* Model */,
				700B1CEC2459AB2E00889AC2 /* plan.h */,
				F138A71AB6E339F3FDBF7D92 /* MainComponent.cpp */,
				7B34FAF0EC64CE84B9BF62AD /* MainComponent.h */,
				597E7557C9B8EE8F95EF991D /* Main.cpp */,
			);
			name = Source;
			sourceTree = "<group>";
		};
		333343D30FC526838164C9BE /* Products */ = {
			isa = PBXGroup;
			children = (
				010FE685B5325EDC5B99E743 /* OpenGrid.app */,
			);
			name = Products;
			sourceTree = "<group>";
		};
		366BCFF7712A5CCED062F369 /* JUCE Library Code */ = {
			isa = PBXGroup;
			children = (
				243E2EEE7BE334A93C2EEA07 /* AppConfig.h */,
				99AE087C4101267FB4B747C7 /* include_juce_audio_basics.mm */,
				19F635F26F3BE841406C87A8 /* include_juce_audio_devices.mm */,
				6634BC50C7F3178FB892957B /* include_juce_audio_formats.mm */,
				DBCAEF470B72E9F3E2B51B9A /* include_juce_audio_processors.mm */,
				ADBC7E098E854F715A78F82A /* include_juce_core.mm */,
				BA2A4BD0A5B4C4B257C4B63B /* include_juce_cryptography.mm */,
				E4646D14AD408D5F1409CA91 /* include_juce_data_structures.mm */,
				F232029709F82E1C835FAE5F /* include_juce_events.mm */,
				4320668E792BD5B9449A9053 /* include_juce_graphics.mm */,
				2CC34271D60D8213756A2343 /* include_juce_gui_basics.mm */,
				85CD1283B38D1B79082C7E5C /* include_juce_gui_extra.mm */,
				49F70C57F48BD5ACE29A2ACE /* include_juce_opengl.mm */,
				A69B8A38F034FF887E9171F2 /* include_juce_video.mm */,
				2D0CCDCF0ACB7580272187D3 /* JuceHeader.h */,
			);
			name = "JUCE Library Code";
			sourceTree = "<group>";
		};
		52410543990BC51E43FDD406 /* Frameworks */ = {
			isa = PBXGroup;
			children = (
				D92AF2E6F2B6CB801798A1F8 /* Accelerate.framework */,
				EEF1CB4CFDD43BAD172757AE /* AudioToolbox.framework */,
				31A25F50719441C9E6B8AF9A /* AVFoundation.framework */,
				651CDB2304726BA72701D65B /* AVKit.framework */,
				880437DC89A9599229DBD3B4 /* Carbon.framework */,
				CA63523A6EB18461FEB9A138 /* Cocoa.framework */,
				E655D48B45C1F2A3C1B0727F /* CoreAudio.framework */,
				C6E8B20EBE3710CA6073539E /* CoreMedia.framework */,
				7102A8B5A74A0D00D2B88AEF /* CoreMIDI.framework */,
				7283A7CDA32C018453F53B7D /* IOKit.framework */,
				524D887E02CCF616F9C538A9 /* OpenGL.framework */,
				BE1D5527B1739C0371F2F3BC /* QuartzCore.framework */,
				2E1F2857122B6CEA27658369 /* WebKit.framework */,
			);
			name = Frameworks;
			sourceTree = "<group>";
		};
		700B1CDD2459AB2E00889AC2 /* Controllers */ = {
			isa = PBXGroup;
			children = (
				70A1F23F245A1528001469A0 /* OGSession.cpp */,
				70A1F240245A1528001469A0 /* OGSession.hpp */,
				700B1CDE2459AB2E00889AC2 /* ControllerBase.cpp */,
				700B1CDF2459AB2E00889AC2 /* ControllerBase.h */,
			);
			name = Controllers;
			path = ../../Source/Controllers;
			sourceTree = "<group>";
		};
		700B1CE02459AB2E00889AC2 /* Data */ = {
			isa = PBXGroup;
			children = (
				700B1CE12459AB2E00889AC2 /* Scales.h */,
			);
			name = Data;
			path = ../../Source/Data;
			sourceTree = "<group>";
		};
		700B1CE22459AB2E00889AC2 /* GUI */ = {
			isa = PBXGroup;
			children = (
				700B1CE32459AB2E00889AC2 /* Pad.cpp */,
				700B1CE42459AB2E00889AC2 /* Pad.h */,
				700B1CE52459AB2E00889AC2 /* PadGrid.cpp */,
				700B1CE62459AB2E00889AC2 /* PadGrid.h */,
			);
			name = GUI;
			path = ../../Source/GUI;
			sourceTree = "<group>";
		};
		700B1CE72459AB2E00889AC2 /* Model */ = {
			isa = PBXGroup;
			children = (
				700B1CE82459AB2E00889AC2 /* GridModelMap.cpp */,
				700B1CE92459AB2E00889AC2 /* GridModelMap.h */,
				700B1CEA2459AB2E00889AC2 /* IODevice.cpp */,
				700B1CEB2459AB2E00889AC2 /* IODevice.h */,
			);
			name = Model;
			path = ../../Source/Model;
			sourceTree = "<group>";
		};
		700B1CF22459AE9B00889AC2 /* Devices */ = {
			isa = PBXGroup;
			children = (
				700B1CF32459AEB600889AC2 /* OGDevice.cpp */,
				700B1CF42459AEB600889AC2 /* OGDevice.hpp */,
				7060A99C2459BFA1009138BD /* OGDeviceLaunchpad.cpp */,
				7060A99D2459BFA1009138BD /* OGDeviceLaunchpad.hpp */,
				70A1F23C2459F8C1001469A0 /* OGDeviceManager.cpp */,
				70A1F23D2459F8C1001469A0 /* OGDeviceManager.hpp */,
			);
			name = Devices;
			path = ../../Source/Devices;
			sourceTree = "<group>";
		};
		70A1F242245A1658001469A0 /* Timing */ = {
			isa = PBXGroup;
			children = (
				70A1F243245A1663001469A0 /* Clock.cpp */,
				70A1F244245A1663001469A0 /* Clock.hpp */,
				70A1F246245A1674001469A0 /* MasterClock.cpp */,
				70A1F247245A1674001469A0 /* MasterClock.hpp */,
			);
			name = Timing;
			path = ../../Source/Timing;
			sourceTree = "<group>";
		};
		92112F3DB935413DD2B28EC0 /* JUCE Modules */ = {
			isa = PBXGroup;
			children = (
				DC397E099A355845F1037D6D /* juce_audio_basics */,
				EBCD77EE78B76D66D1C13E9C /* juce_audio_devices */,
				290250CFDA0047383FC80B1A /* juce_audio_formats */,
				F71C41D68D0F57598363F7D0 /* juce_audio_processors */,
				CF45C45B5586BF7B7097473C /* juce_core */,
				AA1A100330509C5041D26C47 /* juce_cryptography */,
				1532FF1C8AB7F5C863D81510 /* juce_data_structures */,
				FA8E05758D49A96EF6C312A0 /* juce_events */,
				7F513007307B3CE7F35D3564 /* juce_graphics */,
				BA7E04FEBEED1F67D9688E1C /* juce_gui_basics */,
				4835256E97384A88BAB3E89C /* juce_gui_extra */,
				C001584771EFFF7E4CEF8827 /* juce_opengl */,
				E2596EE4FC9C693C700D5B60 /* juce_video */,
			);
			name = "JUCE Modules";
			sourceTree = "<group>";
		};
		ADDC58068BCF38B03BC9401A /* Resources */ = {
			isa = PBXGroup;
			children = (
				F2D21D0D0E13ACA900DDD830 /* Info-App.plist */,
				D6428B5CABB4EF49C2E28CF7 /* RecentFilesMenuTemplate.nib */,
			);
			name = Resources;
			sourceTree = "<group>";
		};
		B392A1FACBCD2E08CF7BC07E /* Source */ = {
			isa = PBXGroup;
			children = (
				D01A5DEA8BB244C84D7D0A5F /* OpenGrid */,
				92112F3DB935413DD2B28EC0 /* JUCE Modules */,
				366BCFF7712A5CCED062F369 /* JUCE Library Code */,
				ADDC58068BCF38B03BC9401A /* Resources */,
				52410543990BC51E43FDD406 /* Frameworks */,
				333343D30FC526838164C9BE /* Products */,
			);
			name = Source;
			sourceTree = "<group>";
		};
		D01A5DEA8BB244C84D7D0A5F /* OpenGrid */ = {
			isa = PBXGroup;
			children = (
				25CE95A574E335CB68DBE9E4 /* Source */,
			);
			name = OpenGrid;
			sourceTree = "<group>";
		};
/* End PBXGroup section */

/* Begin PBXNativeTarget section */
		2E7EF9EF09CEF75EB8308E2E /* OpenGrid - App */ = {
			isa = PBXNativeTarget;
			buildConfigurationList = 7C685A18EF02931DD5079C6E /* Build configuration list for PBXNativeTarget "OpenGrid - App" */;
			buildPhases = (
				72D9305532CF8287D2AA2CD2 /* Resources */,
				CB849C501E234CE0B3B27A47 /* Sources */,
				C0C279E557267A44840AC9D6 /* Frameworks */,
			);
			buildRules = (
			);
			dependencies = (
			);
			name = "OpenGrid - App";
			productName = OpenGrid;
			productReference = 010FE685B5325EDC5B99E743 /* OpenGrid.app */;
			productType = "com.apple.product-type.application";
		};
/* End PBXNativeTarget section */

/* Begin PBXProject section */
		BE48FA69EBEA347D78331C5E /* Project object */ = {
			isa = PBXProject;
			attributes = {
				LastUpgradeCheck = 1100;
				ORGANIZATIONNAME = "";
				TargetAttributes = {
					2E7EF9EF09CEF75EB8308E2E = {
						SystemCapabilities = {
							com.apple.ApplicationGroups.iOS = {
								enabled = 0;
							};
							com.apple.HardenedRuntime = {
								enabled = 0;
							};
							com.apple.InAppPurchase = {
								enabled = 0;
							};
							com.apple.InterAppAudio = {
								enabled = 0;
							};
							com.apple.Push = {
								enabled = 0;
							};
							com.apple.Sandbox = {
								enabled = 0;
							};
						};
					};
				};
			};
			buildConfigurationList = 3520B49A5CEDC4EC2B94523C /* Build configuration list for PBXProject "OpenGrid" */;
			compatibilityVersion = "Xcode 3.2";
			developmentRegion = English;
			hasScannedForEncodings = 0;
			knownRegions = (
				en,
				Base,
			);
			mainGroup = B392A1FACBCD2E08CF7BC07E /* Source */;
			projectDirPath = "";
			projectRoot = "";
			targets = (
				2E7EF9EF09CEF75EB8308E2E /* OpenGrid - App */,
			);
		};
/* End PBXProject section */

/* Begin PBXResourcesBuildPhase section */
		72D9305532CF8287D2AA2CD2 /* Resources */ = {
			isa = PBXResourcesBuildPhase;
			buildActionMask = 2147483647;
			files = (
				AE61A75BAC8DBFE4079288DB /* RecentFilesMenuTemplate.nib in Resources */,
			);
			runOnlyForDeploymentPostprocessing = 0;
		};
/* End PBXResourcesBuildPhase section */

/* Begin PBXSourcesBuildPhase section */
		CB849C501E234CE0B3B27A47 /* Sources */ = {
			isa = PBXSourcesBuildPhase;
			buildActionMask = 2147483647;
			files = (
				70A1F241245A1528001469A0 /* OGSession.cpp in Sources */,
				700B1CEE2459AB2E00889AC2 /* Pad.cpp in Sources */,
				70A1F248245A1674001469A0 /* MasterClock.cpp in Sources */,
				700B1CF02459AB2E00889AC2 /* GridModelMap.cpp in Sources */,
				90F7B53A89A95A65F64787EC /* MainComponent.cpp in Sources */,
				58208722D4975EE215ACD216 /* Main.cpp in Sources */,
				700B1CED2459AB2E00889AC2 /* ControllerBase.cpp in Sources */,
				977A3C46A9B6428963FDF54C /* include_juce_audio_basics.mm in Sources */,
				700B1CEF2459AB2E00889AC2 /* PadGrid.cpp in Sources */,
				700B1CF52459AEB600889AC2 /* OGDevice.cpp in Sources */,
				87CF6CE9BA26D51511407915 /* include_juce_audio_devices.mm in Sources */,
				C0CC08FDDE3C838E169328DD /* include_juce_audio_formats.mm in Sources */,
				7060A99E2459BFA1009138BD /* OGDeviceLaunchpad.cpp in Sources */,
				20266BEEF92D3E7D04868146 /* include_juce_audio_processors.mm in Sources */,
				A53C840DECB1826AA6BBAA47 /* include_juce_core.mm in Sources */,
				FF695B18F06BD81DDFEBF328 /* include_juce_cryptography.mm in Sources */,
				70A1F23E2459F8C1001469A0 /* OGDeviceManager.cpp in Sources */,
				70A1F245245A1663001469A0 /* Clock.cpp in Sources */,
				03CCFA6FF460E7C41904C9B3 /* include_juce_data_structures.mm in Sources */,
				5E47A923B7E7D56BE83C0A74 /* include_juce_events.mm in Sources */,
				A1D07535D3BF409DDF312062 /* include_juce_graphics.mm in Sources */,
				26C3661B67001F16D9585C61 /* include_juce_gui_basics.mm in Sources */,
				926790115C55488C360B0EB3 /* include_juce_gui_extra.mm in Sources */,
				700B1CF12459AB2E00889AC2 /* IODevice.cpp in Sources */,
				7AC87965F1D7B0EC9B9BC30A /* include_juce_opengl.mm in Sources */,
				60E9757BA1F5B3CB4B896A79 /* include_juce_video.mm in Sources */,
			);
			runOnlyForDeploymentPostprocessing = 0;
		};
/* End PBXSourcesBuildPhase section */

/* Begin XCBuildConfiguration section */
		3B6B98F1CD75961C8728C4A9 /* Debug */ = {
			isa = XCBuildConfiguration;
			buildSettings = {
				ALWAYS_SEARCH_USER_PATHS = YES;
				CLANG_CXX_LANGUAGE_STANDARD = "c++11";
				CLANG_CXX_LIBRARY = "libc++";
				CLANG_LINK_OBJC_RUNTIME = NO;
				CODE_SIGN_IDENTITY = "";
				COMBINE_HIDPI_IMAGES = YES;
				CONFIGURATION_BUILD_DIR = "$(PROJECT_DIR)/build/$(CONFIGURATION)";
				COPY_PHASE_STRIP = NO;
				GCC_DYNAMIC_NO_PIC = NO;
				GCC_OPTIMIZATION_LEVEL = 0;
				GCC_PREPROCESSOR_DEFINITIONS = (
					"_DEBUG=1",
					"DEBUG=1",
					"JUCER_XCODE_MAC_F6D2F4CF=1",
					"JUCE_APP_VERSION=1.0.0",
					"JUCE_APP_VERSION_HEX=0x10000",
					"JucePlugin_Build_VST=0",
					"JucePlugin_Build_VST3=0",
					"JucePlugin_Build_AU=0",
					"JucePlugin_Build_AUv3=0",
					"JucePlugin_Build_RTAS=0",
					"JucePlugin_Build_AAX=0",
					"JucePlugin_Build_Standalone=0",
					"JucePlugin_Build_Unity=0",
				);
				GCC_VERSION = com.apple.compilers.llvm.clang.1_0;
				HEADER_SEARCH_PATHS = (
					../../JuceLibraryCode,
					"\"/Users/samuelhunt/juce/juce 5/modules\"",
					"$(inherited)",
				);
				INFOPLIST_FILE = "Info-App.plist";
				INFOPLIST_PREPROCESS = NO;
				INSTALL_PATH = "$(HOME)/Applications";
				MACOSX_DEPLOYMENT_TARGET = 10.11;
				PRODUCT_BUNDLE_IDENTIFIER = com.yourcompany.OpenGrid;
				PRODUCT_NAME = OpenGrid;
				USE_HEADERMAP = YES;
			};
			name = Debug;
		};
		95F3119A2CD8E9655C731E87 /* Release */ = {
			isa = XCBuildConfiguration;
			buildSettings = {
				ALWAYS_SEARCH_USER_PATHS = NO;
				CLANG_ENABLE_OBJC_WEAK = YES;
				CLANG_WARN_BLOCK_CAPTURE_AUTORELEASING = YES;
				CLANG_WARN_BOOL_CONVERSION = YES;
				CLANG_WARN_COMMA = YES;
				CLANG_WARN_CONSTANT_CONVERSION = YES;
				CLANG_WARN_DEPRECATED_OBJC_IMPLEMENTATIONS = YES;
				CLANG_WARN_EMPTY_BODY = YES;
				CLANG_WARN_ENUM_CONVERSION = YES;
				CLANG_WARN_INFINITE_RECURSION = YES;
				CLANG_WARN_INT_CONVERSION = YES;
				CLANG_WARN_NON_LITERAL_NULL_CONVERSION = YES;
				CLANG_WARN_OBJC_IMPLICIT_RETAIN_SELF = YES;
				CLANG_WARN_OBJC_LITERAL_CONVERSION = YES;
				CLANG_WARN_RANGE_LOOP_ANALYSIS = YES;
				CLANG_WARN_STRICT_PROTOTYPES = YES;
				CLANG_WARN_SUSPICIOUS_MOVE = YES;
				CLANG_WARN_UNREACHABLE_CODE = YES;
				CLANG_WARN__DUPLICATE_METHOD_MATCH = YES;
				CODE_SIGN_IDENTITY = "";
				DEBUG_INFORMATION_FORMAT = dwarf;
				ENABLE_STRICT_OBJC_MSGSEND = YES;
				GCC_C_LANGUAGE_STANDARD = c11;
				GCC_INLINES_ARE_PRIVATE_EXTERN = YES;
				GCC_MODEL_TUNING = G5;
				GCC_NO_COMMON_BLOCKS = YES;
				GCC_WARN_64_TO_32_BIT_CONVERSION = YES;
				GCC_WARN_ABOUT_RETURN_TYPE = YES;
				GCC_WARN_CHECK_SWITCH_STATEMENTS = YES;
				GCC_WARN_MISSING_PARENTHESES = YES;
				GCC_WARN_NON_VIRTUAL_DESTRUCTOR = YES;
				GCC_WARN_TYPECHECK_CALLS_TO_PRINTF = YES;
				GCC_WARN_UNDECLARED_SELECTOR = YES;
				GCC_WARN_UNINITIALIZED_AUTOS = YES;
				GCC_WARN_UNUSED_FUNCTION = YES;
				GCC_WARN_UNUSED_VARIABLE = YES;
				PRODUCT_NAME = OpenGrid;
				SDKROOT = macosx;
				WARNING_CFLAGS = "-Wreorder";
				ZERO_LINK = NO;
			};
			name = Release;
		};
		CD1C1CA937159251B78B2141 /* Debug */ = {
			isa = XCBuildConfiguration;
			buildSettings = {
				ALWAYS_SEARCH_USER_PATHS = NO;
				CLANG_ENABLE_OBJC_WEAK = YES;
				CLANG_WARN_BLOCK_CAPTURE_AUTORELEASING = YES;
				CLANG_WARN_BOOL_CONVERSION = YES;
				CLANG_WARN_COMMA = YES;
				CLANG_WARN_CONSTANT_CONVERSION = YES;
				CLANG_WARN_DEPRECATED_OBJC_IMPLEMENTATIONS = YES;
				CLANG_WARN_EMPTY_BODY = YES;
				CLANG_WARN_ENUM_CONVERSION = YES;
				CLANG_WARN_INFINITE_RECURSION = YES;
				CLANG_WARN_INT_CONVERSION = YES;
				CLANG_WARN_NON_LITERAL_NULL_CONVERSION = YES;
				CLANG_WARN_OBJC_IMPLICIT_RETAIN_SELF = YES;
				CLANG_WARN_OBJC_LITERAL_CONVERSION = YES;
				CLANG_WARN_RANGE_LOOP_ANALYSIS = YES;
				CLANG_WARN_STRICT_PROTOTYPES = YES;
				CLANG_WARN_SUSPICIOUS_MOVE = YES;
				CLANG_WARN_UNREACHABLE_CODE = YES;
				CLANG_WARN__DUPLICATE_METHOD_MATCH = YES;
				CODE_SIGN_IDENTITY = "";
				DEBUG_INFORMATION_FORMAT = dwarf;
				ENABLE_STRICT_OBJC_MSGSEND = YES;
				ENABLE_TESTABILITY = YES;
				GCC_C_LANGUAGE_STANDARD = c11;
				GCC_INLINES_ARE_PRIVATE_EXTERN = YES;
				GCC_MODEL_TUNING = G5;
				GCC_NO_COMMON_BLOCKS = YES;
				GCC_WARN_64_TO_32_BIT_CONVERSION = YES;
				GCC_WARN_ABOUT_RETURN_TYPE = YES;
				GCC_WARN_CHECK_SWITCH_STATEMENTS = YES;
				GCC_WARN_MISSING_PARENTHESES = YES;
				GCC_WARN_NON_VIRTUAL_DESTRUCTOR = YES;
				GCC_WARN_TYPECHECK_CALLS_TO_PRINTF = YES;
				GCC_WARN_UNDECLARED_SELECTOR = YES;
				GCC_WARN_UNINITIALIZED_AUTOS = YES;
				GCC_WARN_UNUSED_FUNCTION = YES;
				GCC_WARN_UNUSED_VARIABLE = YES;
				ONLY_ACTIVE_ARCH = YES;
				PRODUCT_NAME = OpenGrid;
				SDKROOT = macosx;
				WARNING_CFLAGS = "-Wreorder";
				ZERO_LINK = NO;
			};
			name = Debug;
		};
		EBF7A90BD8A932C2BAA33828 /* Release */ = {
			isa = XCBuildConfiguration;
			buildSettings = {
				ALWAYS_SEARCH_USER_PATHS = YES;
				CLANG_CXX_LANGUAGE_STANDARD = "c++11";
				CLANG_CXX_LIBRARY = "libc++";
				CLANG_LINK_OBJC_RUNTIME = NO;
				CODE_SIGN_IDENTITY = "";
				COMBINE_HIDPI_IMAGES = YES;
				CONFIGURATION_BUILD_DIR = "$(PROJECT_DIR)/build/$(CONFIGURATION)";
				DEAD_CODE_STRIPPING = YES;
				GCC_GENERATE_DEBUGGING_SYMBOLS = NO;
				GCC_OPTIMIZATION_LEVEL = 3;
				GCC_PREPROCESSOR_DEFINITIONS = (
					"_NDEBUG=1",
					"NDEBUG=1",
					"JUCER_XCODE_MAC_F6D2F4CF=1",
					"JUCE_APP_VERSION=1.0.0",
					"JUCE_APP_VERSION_HEX=0x10000",
					"JucePlugin_Build_VST=0",
					"JucePlugin_Build_VST3=0",
					"JucePlugin_Build_AU=0",
					"JucePlugin_Build_AUv3=0",
					"JucePlugin_Build_RTAS=0",
					"JucePlugin_Build_AAX=0",
					"JucePlugin_Build_Standalone=0",
					"JucePlugin_Build_Unity=0",
				);
				GCC_SYMBOLS_PRIVATE_EXTERN = YES;
				GCC_VERSION = com.apple.compilers.llvm.clang.1_0;
				HEADER_SEARCH_PATHS = (
					../../JuceLibraryCode,
					"\"/Users/samuelhunt/juce/juce 5/modules\"",
					"$(inherited)",
				);
				INFOPLIST_FILE = "Info-App.plist";
				INFOPLIST_PREPROCESS = NO;
				INSTALL_PATH = "$(HOME)/Applications";
				LLVM_LTO = YES;
				MACOSX_DEPLOYMENT_TARGET = 10.11;
				PRODUCT_BUNDLE_IDENTIFIER = com.yourcompany.OpenGrid;
				PRODUCT_NAME = OpenGrid;
				USE_HEADERMAP = YES;
			};
			name = Release;
		};
/* End XCBuildConfiguration section */

/* Begin XCConfigurationList section */
		3520B49A5CEDC4EC2B94523C /* Build configuration list for PBXProject "OpenGrid" */ = {
			isa = XCConfigurationList;
			buildConfigurations = (
				CD1C1CA937159251B78B2141 /* Debug */,
				95F3119A2CD8E9655C731E87 /* Release */,
			);
			defaultConfigurationIsVisible = 0;
			defaultConfigurationName = Debug;
		};
		7C685A18EF02931DD5079C6E /* Build configuration list for PBXNativeTarget "OpenGrid - App" */ = {
			isa = XCConfigurationList;
			buildConfigurations = (
				3B6B98F1CD75961C8728C4A9 /* Debug */,
				EBF7A90BD8A932C2BAA33828 /* Release */,
			);
			defaultConfigurationIsVisible = 0;
			defaultConfigurationName = Debug;
		};
/* End XCConfigurationList section */
	};
	rootObject = BE48FA69EBEA347D78331C5E /* Project object */;
}
